
Microsoft Visual Studio Solution File, Format Version 12.00
# Visual Studio Version 17
VisualStudioVersion = 17.2.32516.85
MinimumVisualStudioVersion = 10.0.40219.1
Project("{FAE04EC0-301F-11D3-BF4B-00C04F79EFBC}") = "lab1_4WPF", "lab1_4WPF.csproj", "{530F619E-FA0D-4437-AB3C-D4E31BA56CEA}"
EndProject
Global
	GlobalSection(SolutionConfigurationPlatforms) = preSolution
		Debug|Any CPU = Debug|Any CPU
		Release|Any CPU = Release|Any CPU
	EndGlobalSection
	GlobalSection(ProjectConfigurationPlatforms) = postSolution
		{530F619E-FA0D-4437-AB3C-D4E31BA56CEA}.Debug|Any CPU.ActiveCfg = Debug|Any CPU
		{530F619E-FA0D-4437-AB3C-D4E31BA56CEA}.Debug|Any CPU.Build.0 = Debug|Any CPU
		{530F619E-FA0D-4437-AB3C-D4E31BA56CEA}.Release|Any CPU.ActiveCfg = Release|Any CPU
		{530F619E-FA0D-4437-AB3C-D4E31BA56CEA}.Release|Any CPU.Build.0 = Release|Any CPU
	EndGlobalSection
	GlobalSection(SolutionProperties) = preSolution
		HideSolutionNode = FALSE
	EndGlobalSection
	GlobalSection(ExtensibilityGlobals) = postSolution
		SolutionGuid = {32E27841-524E-440B-B7F3-4EF6B97D05FF}
	EndGlobalSection
EndGlobal
