
Microsoft Visual Studio Solution File, Format Version 12.00
# Visual Studio Version 17
VisualStudioVersion = 17.2.32516.85
MinimumVisualStudioVersion = 10.0.40219.1
Project("{FAE04EC0-301F-11D3-BF4B-00C04F79EFBC}") = "RegistrationForm", "RegistrationForm\RegistrationForm.csproj", "{64637EC6-FB4E-4C40-871F-1A72CFA34FB8}"
EndProject
Global
	GlobalSection(SolutionConfigurationPlatforms) = preSolution
		Debug|Any CPU = Debug|Any CPU
		Release|Any CPU = Release|Any CPU
	EndGlobalSection
	GlobalSection(ProjectConfigurationPlatforms) = postSolution
		{64637EC6-FB4E-4C40-871F-1A72CFA34FB8}.Debug|Any CPU.ActiveCfg = Debug|Any CPU
		{64637EC6-FB4E-4C40-871F-1A72CFA34FB8}.Debug|Any CPU.Build.0 = Debug|Any CPU
		{64637EC6-FB4E-4C40-871F-1A72CFA34FB8}.Release|Any CPU.ActiveCfg = Release|Any CPU
		{64637EC6-FB4E-4C40-871F-1A72CFA34FB8}.Release|Any CPU.Build.0 = Release|Any CPU
	EndGlobalSection
	GlobalSection(SolutionProperties) = preSolution
		HideSolutionNode = FALSE
	EndGlobalSection
	GlobalSection(ExtensibilityGlobals) = postSolution
		SolutionGuid = {FBBCFB36-72B2-4AA8-A77B-FF9ED5F04A32}
	EndGlobalSection
EndGlobal
