
Microsoft Visual Studio Solution File, Format Version 12.00
# Visual Studio Version 17
VisualStudioVersion = 17.2.32516.85
MinimumVisualStudioVersion = 10.0.40219.1
Project("{FAE04EC0-301F-11D3-BF4B-00C04F79EFBC}") = "lab5_1", "lab5_1.csproj", "{331A3E02-FFE4-4CCE-B47D-AB6A056327E5}"
EndProject
Global
	GlobalSection(SolutionConfigurationPlatforms) = preSolution
		Debug|Any CPU = Debug|Any CPU
		Release|Any CPU = Release|Any CPU
	EndGlobalSection
	GlobalSection(ProjectConfigurationPlatforms) = postSolution
		{331A3E02-FFE4-4CCE-B47D-AB6A056327E5}.Debug|Any CPU.ActiveCfg = Debug|Any CPU
		{331A3E02-FFE4-4CCE-B47D-AB6A056327E5}.Debug|Any CPU.Build.0 = Debug|Any CPU
		{331A3E02-FFE4-4CCE-B47D-AB6A056327E5}.Release|Any CPU.ActiveCfg = Release|Any CPU
		{331A3E02-FFE4-4CCE-B47D-AB6A056327E5}.Release|Any CPU.Build.0 = Release|Any CPU
	EndGlobalSection
	GlobalSection(SolutionProperties) = preSolution
		HideSolutionNode = FALSE
	EndGlobalSection
	GlobalSection(ExtensibilityGlobals) = postSolution
		SolutionGuid = {99D118AA-6024-44ED-9B9F-7E62D579968B}
	EndGlobalSection
EndGlobal
