
Microsoft Visual Studio Solution File, Format Version 12.00
# Visual Studio Version 17
VisualStudioVersion = 17.2.32516.85
MinimumVisualStudioVersion = 10.0.40219.1
Project("{FAE04EC0-301F-11D3-BF4B-00C04F79EFBC}") = "lab4_2WPF", "lab4_2WPF.csproj", "{D98245A8-5F3C-4A3F-A2E3-D3EC499760DE}"
EndProject
Global
	GlobalSection(SolutionConfigurationPlatforms) = preSolution
		Debug|Any CPU = Debug|Any CPU
		Release|Any CPU = Release|Any CPU
	EndGlobalSection
	GlobalSection(ProjectConfigurationPlatforms) = postSolution
		{D98245A8-5F3C-4A3F-A2E3-D3EC499760DE}.Debug|Any CPU.ActiveCfg = Debug|Any CPU
		{D98245A8-5F3C-4A3F-A2E3-D3EC499760DE}.Debug|Any CPU.Build.0 = Debug|Any CPU
		{D98245A8-5F3C-4A3F-A2E3-D3EC499760DE}.Release|Any CPU.ActiveCfg = Release|Any CPU
		{D98245A8-5F3C-4A3F-A2E3-D3EC499760DE}.Release|Any CPU.Build.0 = Release|Any CPU
	EndGlobalSection
	GlobalSection(SolutionProperties) = preSolution
		HideSolutionNode = FALSE
	EndGlobalSection
	GlobalSection(ExtensibilityGlobals) = postSolution
		SolutionGuid = {DFDD434B-B6CC-4273-9C2B-60F5756B8853}
	EndGlobalSection
EndGlobal
