
Microsoft Visual Studio Solution File, Format Version 12.00
# Visual Studio Version 17
VisualStudioVersion = 17.2.32516.85
MinimumVisualStudioVersion = 10.0.40219.1
Project("{9A19103F-16F7-4668-BE54-9A1E7A4F7556}") = "MdiApplication", "MdiApplication.csproj", "{45E65D9F-DFFB-44A8-AA13-6320E43C2389}"
EndProject
Global
	GlobalSection(SolutionConfigurationPlatforms) = preSolution
		Debug|Any CPU = Debug|Any CPU
		Release|Any CPU = Release|Any CPU
	EndGlobalSection
	GlobalSection(ProjectConfigurationPlatforms) = postSolution
		{45E65D9F-DFFB-44A8-AA13-6320E43C2389}.Debug|Any CPU.ActiveCfg = Debug|Any CPU
		{45E65D9F-DFFB-44A8-AA13-6320E43C2389}.Debug|Any CPU.Build.0 = Debug|Any CPU
		{45E65D9F-DFFB-44A8-AA13-6320E43C2389}.Release|Any CPU.ActiveCfg = Release|Any CPU
		{45E65D9F-DFFB-44A8-AA13-6320E43C2389}.Release|Any CPU.Build.0 = Release|Any CPU
	EndGlobalSection
	GlobalSection(SolutionProperties) = preSolution
		HideSolutionNode = FALSE
	EndGlobalSection
	GlobalSection(ExtensibilityGlobals) = postSolution
		SolutionGuid = {C555537F-C842-4879-86D6-2B1316A5875D}
	EndGlobalSection
EndGlobal
